Microsoft Visual Studio Solution File, Format Version 12.00
# Visual Studio 14
VisualStudioVersion = 14.0.25123.0
MinimumVisualStudioVersion = 10.0.40219.1
Project("{FAE04EC0-301F-11D3-BF4B-00C04F79EFBC}") = "psmonSearch", "psmonSearch\psmonSearch.csproj", "{5C5B81C3-1E41-4A35-B576-A98415B9CA8C}"
EndProject
Project("{FAE04EC0-301F-11D3-BF4B-00C04F79EFBC}") = "common", "common\common.csproj", "{E448E564-815A-4BEE-A8FE-FA03911852BE}"
EndProject
Project("{FAE04EC0-301F-11D3-BF4B-00C04F79EFBC}") = "smartCrawler", "smartCrawler\smartCrawler.csproj", "{B95B5B80-CA71-41F4-A005-528BB5E6CD6F}"
EndProject
Project("{2150E333-8FDC-42A3-9474-1A3956D46DE8}") = "Solution Items", "Solution Items", "{5B9C85A1-46FC-43D2-863D-A0A57A649CD5}"
	ProjectSection(SolutionItems) = preProject
		README.md = README.md
	EndProjectSection
EndProject
Project("{FAE04EC0-301F-11D3-BF4B-00C04F79EFBC}") = "LightHouse", "LightHouse\LightHouse.csproj", "{2C5F8188-F9CA-4C56-97F3-62824FDA2829}"
EndProject
Global
	GlobalSection(SolutionConfigurationPlatforms) = preSolution
		Debug|Any CPU = Debug|Any CPU
		Debug|x86 = Debug|x86
		Release|Any CPU = Release|Any CPU
		Release|x86 = Release|x86
	EndGlobalSection
	GlobalSection(ProjectConfigurationPlatforms) = postSolution
		{5C5B81C3-1E41-4A35-B576-A98415B9CA8C}.Debug|Any CPU.ActiveCfg = Debug|x86
		{5C5B81C3-1E41-4A35-B576-A98415B9CA8C}.Debug|x86.ActiveCfg = Debug|x86
		{5C5B81C3-1E41-4A35-B576-A98415B9CA8C}.Debug|x86.Build.0 = Debug|x86
		{5C5B81C3-1E41-4A35-B576-A98415B9CA8C}.Release|Any CPU.ActiveCfg = Release|x86
		{5C5B81C3-1E41-4A35-B576-A98415B9CA8C}.Release|x86.ActiveCfg = Release|x86
		{5C5B81C3-1E41-4A35-B576-A98415B9CA8C}.Release|x86.Build.0 = Release|x86
		{E448E564-815A-4BEE-A8FE-FA03911852BE}.Debug|Any CPU.ActiveCfg = Debug|Any CPU
		{E448E564-815A-4BEE-A8FE-FA03911852BE}.Debug|Any CPU.Build.0 = Debug|Any CPU
		{E448E564-815A-4BEE-A8FE-FA03911852BE}.Debug|x86.ActiveCfg = Debug|Any CPU
		{E448E564-815A-4BEE-A8FE-FA03911852BE}.Debug|x86.Build.0 = Debug|Any CPU
		{E448E564-815A-4BEE-A8FE-FA03911852BE}.Release|Any CPU.ActiveCfg = Release|Any CPU
		{E448E564-815A-4BEE-A8FE-FA03911852BE}.Release|Any CPU.Build.0 = Release|Any CPU
		{E448E564-815A-4BEE-A8FE-FA03911852BE}.Release|x86.ActiveCfg = Release|Any CPU
		{E448E564-815A-4BEE-A8FE-FA03911852BE}.Release|x86.Build.0 = Release|Any CPU
		{B95B5B80-CA71-41F4-A005-528BB5E6CD6F}.Debug|Any CPU.ActiveCfg = Debug|Any CPU
		{B95B5B80-CA71-41F4-A005-528BB5E6CD6F}.Debug|Any CPU.Build.0 = Debug|Any CPU
		{B95B5B80-CA71-41F4-A005-528BB5E6CD6F}.Debug|x86.ActiveCfg = Debug|Any CPU
		{B95B5B80-CA71-41F4-A005-528BB5E6CD6F}.Debug|x86.Build.0 = Debug|Any CPU
		{B95B5B80-CA71-41F4-A005-528BB5E6CD6F}.Release|Any CPU.ActiveCfg = Release|Any CPU
		{B95B5B80-CA71-41F4-A005-528BB5E6CD6F}.Release|Any CPU.Build.0 = Release|Any CPU
		{B95B5B80-CA71-41F4-A005-528BB5E6CD6F}.Release|x86.ActiveCfg = Release|Any CPU
		{B95B5B80-CA71-41F4-A005-528BB5E6CD6F}.Release|x86.Build.0 = Release|Any CPU
		{2C5F8188-F9CA-4C56-97F3-62824FDA2829}.Debug|Any CPU.ActiveCfg = Debug|Any CPU
		{2C5F8188-F9CA-4C56-97F3-62824FDA2829}.Debug|Any CPU.Build.0 = Debug|Any CPU
		{2C5F8188-F9CA-4C56-97F3-62824FDA2829}.Debug|x86.ActiveCfg = Debug|Any CPU
		{2C5F8188-F9CA-4C56-97F3-62824FDA2829}.Debug|x86.Build.0 = Debug|Any CPU
		{2C5F8188-F9CA-4C56-97F3-62824FDA2829}.Release|Any CPU.ActiveCfg = Release|Any CPU
		{2C5F8188-F9CA-4C56-97F3-62824FDA2829}.Release|Any CPU.Build.0 = Release|Any CPU
		{2C5F8188-F9CA-4C56-97F3-62824FDA2829}.Release|x86.ActiveCfg = Release|Any CPU
		{2C5F8188-F9CA-4C56-97F3-62824FDA2829}.Release|x86.Build.0 = Release|Any CPU
	EndGlobalSection
	GlobalSection(SolutionProperties) = preSolution
		HideSolutionNode = FALSE
	EndGlobalSection
EndGlobal
